{
    "_readme": [
        "This file locks the dependencies of your project to a known state",
        "Read more about it at https://getcomposer.org/doc/01-basic-usage.md#installing-dependencies",
        "This file is @generated automatically"
    ],
    "content-hash": "85d2b54328372dde879f82d3c45fb693",
    "packages": [
        {
            "name": "dsergey/sypex-geo",
            "version": "dev-master",
            "source": {
                "type": "git",
                "url": "https://github.com/dsergey/sypex-geo.git",
                "reference": "33153069487666bdfafca8ab9ca1fe362a18c5b8"
            },
            "dist": {
                "type": "zip",
                "url": "https://api.github.com/repos/dsergey/sypex-geo/zipball/33153069487666bdfafca8ab9ca1fe362a18c5b8",
                "reference": "33153069487666bdfafca8ab9ca1fe362a18c5b8",
                "shasum": ""
            },
            "require": {
                "php": ">=5.2.0"
            },
            "type": "library",
            "autoload": {
                "psr-4": {
                    "": "src/"
                }
            },
            "notification-url": "https://packagist.org/downloads/",
            "license": [
                "BSD-2-Clause"
            ],
            "authors": [
                {
                    "name": "zapimir",
                    "email": "zapimir@zapimir.net"
                },
                {
                    "name": "BINOVATOR",
                    "email": "info@sypex.net"
                },
                {
                    "name": "sergey",
                    "email": "serik.drozd@gmail.com"
                }
            ],
            "description": "SypexGeo composer package",
            "keywords": [
                "geo",
                "geoip",
                "geolocation",
                "sypexgeo"
            ],
            "time": "2018-04-07T15:15:45+00:00"
        }
    ],
    "packages-dev": [],
    "aliases": [],
    "minimum-stability": "stable",
    "stability-flags": {
        "dsergey/sypex-geo": 20
    },
    "prefer-stable": false,
    "prefer-lowest": false,
    "platform": [],
    "platform-dev": []
}
